
Microsoft Visual Studio Solution File, Format Version 12.00
# Visual Studio 2013
Project("{FAE04EC0-301F-11D3-BF4B-00C04F79EFBC}") = "UnityVS.AlloStreamer.CSharp.Plugins", "UnityVS.AlloStreamer.CSharp.Plugins.csproj", "{71A8C9BB-B2CA-6AE4-40B7-B6D86235C7E1}"
EndProject
Project("{FAE04EC0-301F-11D3-BF4B-00C04F79EFBC}") = "UnityVS.AlloStreamer.CSharp", "UnityVS.AlloStreamer.CSharp.csproj", "{C1C1E5A6-2ED1-9EB6-2B65-A402AB364290}"
EndProject
Project("{FAE04EC0-301F-11D3-BF4B-00C04F79EFBC}") = "UnityVS.AlloStreamer.CSharp.Editor", "UnityVS.AlloStreamer.CSharp.Editor.csproj", "{2FA422EE-C802-069F-28A2-8F255FE6F474}"
EndProject
Global
	GlobalSection(SolutionConfigurationPlatforms) = preSolution
		Debug|Any CPU = Debug|Any CPU
		Release|Any CPU = Release|Any CPU
	EndGlobalSection
	GlobalSection(ProjectConfigurationPlatforms) = postSolution
		{71A8C9BB-B2CA-6AE4-40B7-B6D86235C7E1}.Debug|Any CPU.ActiveCfg = Debug|Any CPU
		{71A8C9BB-B2CA-6AE4-40B7-B6D86235C7E1}.Debug|Any CPU.Build.0 = Debug|Any CPU
		{71A8C9BB-B2CA-6AE4-40B7-B6D86235C7E1}.Release|Any CPU.ActiveCfg = Release|Any CPU
		{71A8C9BB-B2CA-6AE4-40B7-B6D86235C7E1}.Release|Any CPU.Build.0 = Release|Any CPU
		{C1C1E5A6-2ED1-9EB6-2B65-A402AB364290}.Debug|Any CPU.ActiveCfg = Debug|Any CPU
		{C1C1E5A6-2ED1-9EB6-2B65-A402AB364290}.Debug|Any CPU.Build.0 = Debug|Any CPU
		{C1C1E5A6-2ED1-9EB6-2B65-A402AB364290}.Release|Any CPU.ActiveCfg = Release|Any CPU
		{C1C1E5A6-2ED1-9EB6-2B65-A402AB364290}.Release|Any CPU.Build.0 = Release|Any CPU
		{2FA422EE-C802-069F-28A2-8F255FE6F474}.Debug|Any CPU.ActiveCfg = Debug|Any CPU
		{2FA422EE-C802-069F-28A2-8F255FE6F474}.Debug|Any CPU.Build.0 = Debug|Any CPU
		{2FA422EE-C802-069F-28A2-8F255FE6F474}.Release|Any CPU.ActiveCfg = Release|Any CPU
		{2FA422EE-C802-069F-28A2-8F255FE6F474}.Release|Any CPU.Build.0 = Release|Any CPU
	EndGlobalSection
	GlobalSection(SolutionProperties) = preSolution
		HideSolutionNode = FALSE
	EndGlobalSection
EndGlobal
